// !$*UTF8*$!
{
	archiveVersion = 1;
	classes = {
	};
	objectVersion = 46;
	objects = {

/* Begin PBXBuildFile section */
		107EE37B1986C9B911A41FF9 /* Pods_Enclosure.framework in Frameworks */ = {isa = PBXBuildFile; fileRef = 3FDF6B9C43FF0722F64A3577 /* Pods_Enclosure.framework */; };
		42627FE01C783E0700DC69EC /* AppDelegate.swift in Sources */ = {isa = PBXBuildFile; fileRef = 42627FDF1C783E0700DC69EC /* AppDelegate.swift */; };
		42627FE21C783E0700DC69EC /* ViewController.swift in Sources */ = {isa = PBXBuildFile; fileRef = 42627FE11C783E0700DC69EC /* ViewController.swift */; };
		42627FE51C783E0700DC69EC /* Main.storyboard in Resources */ = {isa = PBXBuildFile; fileRef = 42627FE31C783E0700DC69EC /* Main.storyboard */; };
		42627FE71C783E0700DC69EC /* Assets.xcassets in Resources */ = {isa = PBXBuildFile; fileRef = 42627FE61C783E0700DC69EC /* Assets.xcassets */; };
		42627FEA1C783E0700DC69EC /* LaunchScreen.storyboard in Resources */ = {isa = PBXBuildFile; fileRef = 42627FE81C783E0700DC69EC /* LaunchScreen.storyboard */; };
		42627FF21C78445A00DC69EC /* GameBoard.swift in Sources */ = {isa = PBXBuildFile; fileRef = 42627FF11C78445A00DC69EC /* GameBoard.swift */; };
		42627FF41C790D5600DC69EC /* Game2ViewController.swift in Sources */ = {isa = PBXBuildFile; fileRef = 42627FF31C790D5600DC69EC /* Game2ViewController.swift */; };
		426280001C7974CE00DC69EC /* GameBoard2.swift in Sources */ = {isa = PBXBuildFile; fileRef = 42627FFF1C7974CE00DC69EC /* GameBoard2.swift */; };
		426280021C7976FE00DC69EC /* Game1ViewController.swift in Sources */ = {isa = PBXBuildFile; fileRef = 426280011C7976FE00DC69EC /* Game1ViewController.swift */; };
		426280041C797DB400DC69EC /* Game3ViewController.swift in Sources */ = {isa = PBXBuildFile; fileRef = 426280031C797DB400DC69EC /* Game3ViewController.swift */; };
		426280061C797DCC00DC69EC /* GameBoard3.swift in Sources */ = {isa = PBXBuildFile; fileRef = 426280051C797DCC00DC69EC /* GameBoard3.swift */; };
		4265F7561C8001540000BCD7 /* EnclosureGame.swift in Sources */ = {isa = PBXBuildFile; fileRef = 4265F7551C8001540000BCD7 /* EnclosureGame.swift */; };
		4265F7581C80029B0000BCD7 /* Enumerations.swift in Sources */ = {isa = PBXBuildFile; fileRef = 4265F7571C80029B0000BCD7 /* Enumerations.swift */; };
		4265F75A1C81587D0000BCD7 /* AI.swift in Sources */ = {isa = PBXBuildFile; fileRef = 4265F7591C81587D0000BCD7 /* AI.swift */; };
		42A5D15A1C7A0B5000C0AAC8 /* 1.jpg in Resources */ = {isa = PBXBuildFile; fileRef = 42A5D1591C7A0B5000C0AAC8 /* 1.jpg */; };
		6204250E972F9D33F452A800 /* (null) in Frameworks */ = {isa = PBXBuildFile; };
		B5D624E81C79A5C60072A98C /* 2.png in Resources */ = {isa = PBXBuildFile; fileRef = B5D624E71C79A5C60072A98C /* 2.png */; };
		B5D624EC1C79ABC30072A98C /* 3.png in Resources */ = {isa = PBXBuildFile; fileRef = B5D624EB1C79ABC30072A98C /* 3.png */; };
/* End PBXBuildFile section */

/* Begin PBXFileReference section */
		0C0293DDB018C9E49E18FA83 /* Pods-Enclosure.debug.xcconfig */ = {isa = PBXFileReference; includeInIndex = 1; lastKnownFileType = text.xcconfig; name = "Pods-Enclosure.debug.xcconfig"; path = "Pods/Target Support Files/Pods-Enclosure/Pods-Enclosure.debug.xcconfig"; sourceTree = "<group>"; };
		20D8FAF0367CD33306C7BA45 /* Pods-MiniWar.release.xcconfig */ = {isa = PBXFileReference; includeInIndex = 1; lastKnownFileType = text.xcconfig; name = "Pods-MiniWar.release.xcconfig"; path = "Pods/Target Support Files/Pods-MiniWar/Pods-MiniWar.release.xcconfig"; sourceTree = "<group>"; };
		3FDF6B9C43FF0722F64A3577 /* Pods_Enclosure.framework */ = {isa = PBXFileReference; explicitFileType = wrapper.framework; includeInIndex = 0; path = Pods_Enclosure.framework; sourceTree = BUILT_PRODUCTS_DIR; };
		42627FDC1C783E0700DC69EC /* Enclosure.app */ = {isa = PBXFileReference; explicitFileType = wrapper.application; includeInIndex = 0; path = Enclosure.app; sourceTree = BUILT_PRODUCTS_DIR; };
		42627FDF1C783E0700DC69EC /* AppDelegate.swift */ = {isa = PBXFileReference; lastKnownFileType = sourcecode.swift; path = AppDelegate.swift; sourceTree = "<group>"; };
		42627FE11C783E0700DC69EC /* ViewController.swift */ = {isa = PBXFileReference; lastKnownFileType = sourcecode.swift; path = ViewController.swift; sourceTree = "<group>"; };
		42627FE41C783E0700DC69EC /* Base */ = {isa = PBXFileReference; lastKnownFileType = file.storyboard; name = Base; path = Base.lproj/Main.storyboard; sourceTree = "<group>"; };
		42627FE61C783E0700DC69EC /* Assets.xcassets */ = {isa = PBXFileReference; lastKnownFileType = folder.assetcatalog; path = Assets.xcassets; sourceTree = "<group>"; };
		42627FE91C783E0700DC69EC /* Base */ = {isa = PBXFileReference; lastKnownFileType = file.storyboard; name = Base; path = Base.lproj/LaunchScreen.storyboard; sourceTree = "<group>"; };
		42627FEB1C783E0700DC69EC /* Info.plist */ = {isa = PBXFileReference; lastKnownFileType = text.plist.xml; path = Info.plist; sourceTree = "<group>"; };
		42627FF11C78445A00DC69EC /* GameBoard.swift */ = {isa = PBXFileReference; fileEncoding = 4; lastKnownFileType = sourcecode.swift; path = GameBoard.swift; sourceTree = "<group>"; };
		42627FF31C790D5600DC69EC /* Game2ViewController.swift */ = {isa = PBXFileReference; fileEncoding = 4; lastKnownFileType = sourcecode.swift; path = Game2ViewController.swift; sourceTree = "<group>"; };
		42627FFF1C7974CE00DC69EC /* GameBoard2.swift */ = {isa = PBXFileReference; fileEncoding = 4; lastKnownFileType = sourcecode.swift; path = GameBoard2.swift; sourceTree = "<group>"; };
		426280011C7976FE00DC69EC /* Game1ViewController.swift */ = {isa = PBXFileReference; fileEncoding = 4; lastKnownFileType = sourcecode.swift; path = Game1ViewController.swift; sourceTree = "<group>"; };
		426280031C797DB400DC69EC /* Game3ViewController.swift */ = {isa = PBXFileReference; fileEncoding = 4; lastKnownFileType = sourcecode.swift; path = Game3ViewController.swift; sourceTree = "<group>"; };
		426280051C797DCC00DC69EC /* GameBoard3.swift */ = {isa = PBXFileReference; fileEncoding = 4; lastKnownFileType = sourcecode.swift; path = GameBoard3.swift; sourceTree = "<group>"; };
		4265F7551C8001540000BCD7 /* EnclosureGame.swift */ = {isa = PBXFileReference; fileEncoding = 4; lastKnownFileType = sourcecode.swift; path = EnclosureGame.swift; sourceTree = "<group>"; };
		4265F7571C80029B0000BCD7 /* Enumerations.swift */ = {isa = PBXFileReference; fileEncoding = 4; lastKnownFileType = sourcecode.swift; path = Enumerations.swift; sourceTree = "<group>"; };
		4265F7591C81587D0000BCD7 /* AI.swift */ = {isa = PBXFileReference; fileEncoding = 4; lastKnownFileType = sourcecode.swift; path = AI.swift; sourceTree = "<group>"; };
		42A5D1591C7A0B5000C0AAC8 /* 1.jpg */ = {isa = PBXFileReference; lastKnownFileType = image.jpeg; path = 1.jpg; sourceTree = "<group>"; };
		B5D624E71C79A5C60072A98C /* 2.png */ = {isa = PBXFileReference; lastKnownFileType = image.png; path = 2.png; sourceTree = "<group>"; };
		B5D624EB1C79ABC30072A98C /* 3.png */ = {isa = PBXFileReference; lastKnownFileType = image.png; path = 3.png; sourceTree = "<group>"; };
/* End PBXFileReference section */

/* Begin PBXFrameworksBuildPhase section */
		42627FD91C783E0700DC69EC /* Frameworks */ = {
			isa = PBXFrameworksBuildPhase;
			buildActionMask = 2147483647;
			files = (
				6204250E972F9D33F452A800 /* (null) in Frameworks */,
				107EE37B1986C9B911A41FF9 /* Pods_Enclosure.framework in Frameworks */,
			);
			runOnlyForDeploymentPostprocessing = 0;
		};
/* End PBXFrameworksBuildPhase section */

/* Begin PBXGroup section */
		239694A48C89AF62B7418150 /* Frameworks */ = {
			isa = PBXGroup;
			children = (
				3FDF6B9C43FF0722F64A3577 /* Pods_Enclosure.framework */,
			);
			name = Frameworks;
			sourceTree = "<group>";
		};
		42627FD31C783E0700DC69EC = {
			isa = PBXGroup;
			children = (
				42627FDE1C783E0700DC69EC /* MiniWar */,
				42627FDD1C783E0700DC69EC /* Products */,
				9F21061046FBDAA5E1531D81 /* Pods */,
				239694A48C89AF62B7418150 /* Frameworks */,
			);
			sourceTree = "<group>";
		};
		42627FDD1C783E0700DC69EC /* Products */ = {
			isa = PBXGroup;
			children = (
				42627FDC1C783E0700DC69EC /* Enclosure.app */,
			);
			name = Products;
			sourceTree = "<group>";
		};
		42627FDE1C783E0700DC69EC /* MiniWar */ = {
			isa = PBXGroup;
			children = (
				42627FDF1C783E0700DC69EC /* AppDelegate.swift */,
				42627FE11C783E0700DC69EC /* ViewController.swift */,
				426280031C797DB400DC69EC /* Game3ViewController.swift */,
				42627FF31C790D5600DC69EC /* Game2ViewController.swift */,
				426280011C7976FE00DC69EC /* Game1ViewController.swift */,
				42A5D1591C7A0B5000C0AAC8 /* 1.jpg */,
				B5D624E71C79A5C60072A98C /* 2.png */,
				B5D624EB1C79ABC30072A98C /* 3.png */,
				42627FE31C783E0700DC69EC /* Main.storyboard */,
				42627FF11C78445A00DC69EC /* GameBoard.swift */,
				4265F7551C8001540000BCD7 /* EnclosureGame.swift */,
				4265F7591C81587D0000BCD7 /* AI.swift */,
				4265F7571C80029B0000BCD7 /* Enumerations.swift */,
				42627FFF1C7974CE00DC69EC /* GameBoard2.swift */,
				426280051C797DCC00DC69EC /* GameBoard3.swift */,
				42627FE61C783E0700DC69EC /* Assets.xcassets */,
				42627FE81C783E0700DC69EC /* LaunchScreen.storyboard */,
				42627FEB1C783E0700DC69EC /* Info.plist */,
			);
			path = MiniWar;
			sourceTree = "<group>";
		};
		9F21061046FBDAA5E1531D81 /* Pods */ = {
			isa = PBXGroup;
			children = (
				20D8FAF0367CD33306C7BA45 /* Pods-MiniWar.release.xcconfig */,
				0C0293DDB018C9E49E18FA83 /* Pods-Enclosure.debug.xcconfig */,
			);
			name = Pods;
			sourceTree = "<group>";
		};
/* End PBXGroup section */

/* Begin PBXNativeTarget section */
		42627FDB1C783E0700DC69EC /* Enclosure */ = {
			isa = PBXNativeTarget;
			buildConfigurationList = 42627FEE1C783E0700DC69EC /* Build configuration list for PBXNativeTarget "Enclosure" */;
			buildPhases = (
				5600C3673F5E42B66AAE2961 /* Check Pods Manifest.lock */,
				42627FD81C783E0700DC69EC /* Sources */,
				42627FD91C783E0700DC69EC /* Frameworks */,
				42627FDA1C783E0700DC69EC /* Resources */,
				3B6A91312890B953BC45B5E1 /* Embed Pods Frameworks */,
				B71805A2B4958835827ADE01 /* Copy Pods Resources */,
			);
			buildRules = (
			);
			dependencies = (
			);
			name = Enclosure;
			productName = MiniWar;
			productReference = 42627FDC1C783E0700DC69EC /* Enclosure.app */;
			productType = "com.apple.product-type.application";
		};
/* End PBXNativeTarget section */

/* Begin PBXProject section */
		42627FD41C783E0700DC69EC /* Project object */ = {
			isa = PBXProject;
			attributes = {
				LastSwiftUpdateCheck = 0720;
				LastUpgradeCheck = 0720;
				ORGANIZATIONNAME = "TakeFive Interactive";
				TargetAttributes = {
					42627FDB1C783E0700DC69EC = {
						CreatedOnToolsVersion = 7.2.1;
						DevelopmentTeam = Z52YC535HH;
					};
				};
			};
			buildConfigurationList = 42627FD71C783E0700DC69EC /* Build configuration list for PBXProject "Enclosure" */;
			compatibilityVersion = "Xcode 3.2";
			developmentRegion = English;
			hasScannedForEncodings = 0;
			knownRegions = (
				en,
				Base,
			);
			mainGroup = 42627FD31C783E0700DC69EC;
			productRefGroup = 42627FDD1C783E0700DC69EC /* Products */;
			projectDirPath = "";
			projectRoot = "";
			targets = (
				42627FDB1C783E0700DC69EC /* Enclosure */,
			);
		};
/* End PBXProject section */

/* Begin PBXResourcesBuildPhase section */
		42627FDA1C783E0700DC69EC /* Resources */ = {
			isa = PBXResourcesBuildPhase;
			buildActionMask = 2147483647;
			files = (
				42627FEA1C783E0700DC69EC /* LaunchScreen.storyboard in Resources */,
				B5D624E81C79A5C60072A98C /* 2.png in Resources */,
				B5D624EC1C79ABC30072A98C /* 3.png in Resources */,
				42A5D15A1C7A0B5000C0AAC8 /* 1.jpg in Resources */,
				42627FE71C783E0700DC69EC /* Assets.xcassets in Resources */,
				42627FE51C783E0700DC69EC /* Main.storyboard in Resources */,
			);
			runOnlyForDeploymentPostprocessing = 0;
		};
/* End PBXResourcesBuildPhase section */

/* Begin PBXShellScriptBuildPhase section */
		3B6A91312890B953BC45B5E1 /* Embed Pods Frameworks */ = {
			isa = PBXShellScriptBuildPhase;
			buildActionMask = 2147483647;
			files = (
			);
			inputPaths = (
			);
			name = "Embed Pods Frameworks";
			outputPaths = (
			);
			runOnlyForDeploymentPostprocessing = 0;
			shellPath = /bin/sh;
			shellScript = "\"${SRCROOT}/Pods/Target Support Files/Pods-Enclosure/Pods-Enclosure-frameworks.sh\"\n";
			showEnvVarsInLog = 0;
		};
		5600C3673F5E42B66AAE2961 /* Check Pods Manifest.lock */ = {
			isa = PBXShellScriptBuildPhase;
			buildActionMask = 2147483647;
			files = (
			);
			inputPaths = (
			);
			name = "Check Pods Manifest.lock";
			outputPaths = (
			);
			runOnlyForDeploymentPostprocessing = 0;
			shellPath = /bin/sh;
			shellScript = "diff \"${PODS_ROOT}/../Podfile.lock\" \"${PODS_ROOT}/Manifest.lock\" > /dev/null\nif [[ $? != 0 ]] ; then\n    cat << EOM\nerror: The sandbox is not in sync with the Podfile.lock. Run 'pod install' or update your CocoaPods installation.\nEOM\n    exit 1\nfi\n";
			showEnvVarsInLog = 0;
		};
		B71805A2B4958835827ADE01 /* Copy Pods Resources */ = {
			isa = PBXShellScriptBuildPhase;
			buildActionMask = 2147483647;
			files = (
			);
			inputPaths = (
			);
			name = "Copy Pods Resources";
			outputPaths = (
			);
			runOnlyForDeploymentPostprocessing = 0;
			shellPath = /bin/sh;
			shellScript = "\"${SRCROOT}/Pods/Target Support Files/Pods-Enclosure/Pods-Enclosure-resources.sh\"\n";
			showEnvVarsInLog = 0;
		};
/* End PBXShellScriptBuildPhase section */

/* Begin PBXSourcesBuildPhase section */
		42627FD81C783E0700DC69EC /* Sources */ = {
			isa = PBXSourcesBuildPhase;
			buildActionMask = 2147483647;
			files = (
				426280061C797DCC00DC69EC /* GameBoard3.swift in Sources */,
				42627FE21C783E0700DC69EC /* ViewController.swift in Sources */,
				4265F75A1C81587D0000BCD7 /* AI.swift in Sources */,
				426280001C7974CE00DC69EC /* GameBoard2.swift in Sources */,
				42627FF21C78445A00DC69EC /* GameBoard.swift in Sources */,
				4265F7561C8001540000BCD7 /* EnclosureGame.swift in Sources */,
				42627FF41C790D5600DC69EC /* Game2ViewController.swift in Sources */,
				426280021C7976FE00DC69EC /* Game1ViewController.swift in Sources */,
				42627FE01C783E0700DC69EC /* AppDelegate.swift in Sources */,
				4265F7581C80029B0000BCD7 /* Enumerations.swift in Sources */,
				426280041C797DB400DC69EC /* Game3ViewController.swift in Sources */,
			);
			runOnlyForDeploymentPostprocessing = 0;
		};
/* End PBXSourcesBuildPhase section */

/* Begin PBXVariantGroup section */
		42627FE31C783E0700DC69EC /* Main.storyboard */ = {
			isa = PBXVariantGroup;
			children = (
				42627FE41C783E0700DC69EC /* Base */,
			);
			name = Main.storyboard;
			sourceTree = "<group>";
		};
		42627FE81C783E0700DC69EC /* LaunchScreen.storyboard */ = {
			isa = PBXVariantGroup;
			children = (
				42627FE91C783E0700DC69EC /* Base */,
			);
			name = LaunchScreen.storyboard;
			sourceTree = "<group>";
		};
/* End PBXVariantGroup section */

/* Begin XCBuildConfiguration section */
		42627FEC1C783E0700DC69EC /* Debug */ = {
			isa = XCBuildConfiguration;
			buildSettings = {
				ALWAYS_SEARCH_USER_PATHS = NO;
				CLANG_CXX_LANGUAGE_STANDARD = "gnu++0x";
				CLANG_CXX_LIBRARY = "libc++";
				CLANG_ENABLE_MODULES = YES;
				CLANG_ENABLE_OBJC_ARC = YES;
				CLANG_WARN_BOOL_CONVERSION = YES;
				CLANG_WARN_CONSTANT_CONVERSION = YES;
				CLANG_WARN_DIRECT_OBJC_ISA_USAGE = YES_ERROR;
				CLANG_WARN_EMPTY_BODY = YES;
				CLANG_WARN_ENUM_CONVERSION = YES;
				CLANG_WARN_INT_CONVERSION = YES;
				CLANG_WARN_OBJC_ROOT_CLASS = YES_ERROR;
				CLANG_WARN_UNREACHABLE_CODE = YES;
				CLANG_WARN__DUPLICATE_METHOD_MATCH = YES;
				"CODE_SIGN_IDENTITY[sdk=iphoneos*]" = "iPhone Developer";
				COPY_PHASE_STRIP = NO;
				DEBUG_INFORMATION_FORMAT = dwarf;
				ENABLE_STRICT_OBJC_MSGSEND = YES;
				ENABLE_TESTABILITY = YES;
				GCC_C_LANGUAGE_STANDARD = gnu99;
				GCC_DYNAMIC_NO_PIC = NO;
				GCC_NO_COMMON_BLOCKS = YES;
				GCC_OPTIMIZATION_LEVEL = 0;
				GCC_PREPROCESSOR_DEFINITIONS = (
					"DEBUG=1",
					"$(inherited)",
				);
				GCC_WARN_64_TO_32_BIT_CONVERSION = YES;
				GCC_WARN_ABOUT_RETURN_TYPE = YES_ERROR;
				GCC_WARN_UNDECLARED_SELECTOR = YES;
				GCC_WARN_UNINITIALIZED_AUTOS = YES_AGGRESSIVE;
				GCC_WARN_UNUSED_FUNCTION = YES;
				GCC_WARN_UNUSED_VARIABLE = YES;
				IPHONEOS_DEPLOYMENT_TARGET = 9.2;
				MTL_ENABLE_DEBUG_INFO = YES;
				ONLY_ACTIVE_ARCH = YES;
				SDKROOT = iphoneos;
				SWIFT_OPTIMIZATION_LEVEL = "-Onone";
			};
			name = Debug;
		};
		42627FED1C783E0700DC69EC /* Release */ = {
			isa = XCBuildConfiguration;
			buildSettings = {
				ALWAYS_SEARCH_USER_PATHS = NO;
				CLANG_CXX_LANGUAGE_STANDARD = "gnu++0x";
				CLANG_CXX_LIBRARY = "libc++";
				CLANG_ENABLE_MODULES = YES;
				CLANG_ENABLE_OBJC_ARC = YES;
				CLANG_WARN_BOOL_CONVERSION = YES;
				CLANG_WARN_CONSTANT_CONVERSION = YES;
				CLANG_WARN_DIRECT_OBJC_ISA_USAGE = YES_ERROR;
				CLANG_WARN_EMPTY_BODY = YES;
				CLANG_WARN_ENUM_CONVERSION = YES;
				CLANG_WARN_INT_CONVERSION = YES;
				CLANG_WARN_OBJC_ROOT_CLASS = YES_ERROR;
				CLANG_WARN_UNREACHABLE_CODE = YES;
				CLANG_WARN__DUPLICATE_METHOD_MATCH = YES;
				"CODE_SIGN_IDENTITY[sdk=iphoneos*]" = "iPhone Developer";
				COPY_PHASE_STRIP = NO;
				DEBUG_INFORMATION_FORMAT = "dwarf-with-dsym";
				ENABLE_NS_ASSERTIONS = NO;
				ENABLE_STRICT_OBJC_MSGSEND = YES;
				GCC_C_LANGUAGE_STANDARD = gnu99;
				GCC_NO_COMMON_BLOCKS = YES;
				GCC_WARN_64_TO_32_BIT_CONVERSION = YES;
				GCC_WARN_ABOUT_RETURN_TYPE = YES_ERROR;
				GCC_WARN_UNDECLARED_SELECTOR = YES;
				GCC_WARN_UNINITIALIZED_AUTOS = YES_AGGRESSIVE;
				GCC_WARN_UNUSED_FUNCTION = YES;
				GCC_WARN_UNUSED_VARIABLE = YES;
				IPHONEOS_DEPLOYMENT_TARGET = 9.2;
				MTL_ENABLE_DEBUG_INFO = NO;
				SDKROOT = iphoneos;
				VALIDATE_PRODUCT = YES;
			};
			name = Release;
		};
		42627FEF1C783E0700DC69EC /* Debug */ = {
			isa = XCBuildConfiguration;
			baseConfigurationReference = 0C0293DDB018C9E49E18FA83 /* Pods-Enclosure.debug.xcconfig */;
			buildSettings = {
				ASSETCATALOG_COMPILER_APPICON_NAME = AppIcon;
				CODE_SIGN_IDENTITY = "iPhone Developer";
				"CODE_SIGN_IDENTITY[sdk=iphoneos*]" = "iPhone Developer";
				INFOPLIST_FILE = MiniWar/Info.plist;
				LD_RUNPATH_SEARCH_PATHS = "$(inherited) @executable_path/Frameworks";
				PRODUCT_BUNDLE_IDENTIFIER = com.TakeFiveInteractive.com.MiniWar;
				PRODUCT_NAME = Enclosure;
				PROVISIONING_PROFILE = "";
			};
			name = Debug;
		};
		42627FF01C783E0700DC69EC /* Release */ = {
			isa = XCBuildConfiguration;
			baseConfigurationReference = 20D8FAF0367CD33306C7BA45 /* Pods-MiniWar.release.xcconfig */;
			buildSettings = {
				ASSETCATALOG_COMPILER_APPICON_NAME = AppIcon;
				CODE_SIGN_IDENTITY = "iPhone Developer";
				"CODE_SIGN_IDENTITY[sdk=iphoneos*]" = "iPhone Developer";
				INFOPLIST_FILE = MiniWar/Info.plist;
				LD_RUNPATH_SEARCH_PATHS = "$(inherited) @executable_path/Frameworks";
				PRODUCT_BUNDLE_IDENTIFIER = com.TakeFiveInteractive.com.MiniWar;
				PRODUCT_NAME = Enclosure;
				PROVISIONING_PROFILE = "";
			};
			name = Release;
		};
/* End XCBuildConfiguration section */

/* Begin XCConfigurationList section */
		42627FD71C783E0700DC69EC /* Build configuration list for PBXProject "Enclosure" */ = {
			isa = XCConfigurationList;
			buildConfigurations = (
				42627FEC1C783E0700DC69EC /* Debug */,
				42627FED1C783E0700DC69EC /* Release */,
			);
			defaultConfigurationIsVisible = 0;
			defaultConfigurationName = Release;
		};
		42627FEE1C783E0700DC69EC /* Build configuration list for PBXNativeTarget "Enclosure" */ = {
			isa = XCConfigurationList;
			buildConfigurations = (
				42627FEF1C783E0700DC69EC /* Debug */,
				42627FF01C783E0700DC69EC /* Release */,
			);
			defaultConfigurationIsVisible = 0;
			defaultConfigurationName = Release;
		};
/* End XCConfigurationList section */
	};
	rootObject = 42627FD41C783E0700DC69EC /* Project object */;
}
